
Microsoft Visual Studio Solution File, Format Version 12.00
# Visual Studio 15
VisualStudioVersion = 15.0.27703.2042
MinimumVisualStudioVersion = 10.0.40219.1
Project("{FAE04EC0-301F-11D3-BF4B-00C04F79EFBC}") = "Proj1", "Proj1\Proj1.csproj", "{518A0598-FFFC-4FDF-AAA0-9BF157776A0F}"
EndProject
Global
	GlobalSection(SolutionConfigurationPlatforms) = preSolution
		Debug|Any CPU = Debug|Any CPU
		Release|Any CPU = Release|Any CPU
	EndGlobalSection
	GlobalSection(ProjectConfigurationPlatforms) = postSolution
		{518A0598-FFFC-4FDF-AAA0-9BF157776A0F}.Debug|Any CPU.ActiveCfg = Debug|Any CPU
		{518A0598-FFFC-4FDF-AAA0-9BF157776A0F}.Debug|Any CPU.Build.0 = Debug|Any CPU
		{518A0598-FFFC-4FDF-AAA0-9BF157776A0F}.Release|Any CPU.ActiveCfg = Release|Any CPU
		{518A0598-FFFC-4FDF-AAA0-9BF157776A0F}.Release|Any CPU.Build.0 = Release|Any CPU
	EndGlobalSection
	GlobalSection(SolutionProperties) = preSolution
		HideSolutionNode = FALSE
	EndGlobalSection
	GlobalSection(ExtensibilityGlobals) = postSolution
		SolutionGuid = {F6149468-AC1D-4A1C-BCB3-C57FC34835E7}
	EndGlobalSection
EndGlobal
